
Microsoft Visual Studio Solution File, Format Version 12.00
# Visual Studio Version 17
VisualStudioVersion = 17.5.33530.505
MinimumVisualStudioVersion = 10.0.40219.1
Project("{9A19103F-16F7-4668-BE54-9A1E7A4F7556}") = "DC.Lab", "DC.Lab.csproj", "{450A9C42-8B06-4D83-865D-2C07D1EE99EC}"
EndProject
Project("{FAE04EC0-301F-11D3-BF4B-00C04F79EFBC}") = "Utility", "..\Utility\Utility.csproj", "{B6FFA344-3727-49C9-A47B-C9F2C780A9C7}"
EndProject
Project("{FAE04EC0-301F-11D3-BF4B-00C04F79EFBC}") = "Common", "..\Common\Common.csproj", "{1AE55E45-B216-4593-A941-385ADA12E675}"
EndProject
Global
	GlobalSection(SolutionConfigurationPlatforms) = preSolution
		Debug|Any CPU = Debug|Any CPU
		Release|Any CPU = Release|Any CPU
	EndGlobalSection
	GlobalSection(ProjectConfigurationPlatforms) = postSolution
		{450A9C42-8B06-4D83-865D-2C07D1EE99EC}.Debug|Any CPU.ActiveCfg = Debug|Any CPU
		{450A9C42-8B06-4D83-865D-2C07D1EE99EC}.Debug|Any CPU.Build.0 = Debug|Any CPU
		{450A9C42-8B06-4D83-865D-2C07D1EE99EC}.Release|Any CPU.ActiveCfg = Release|Any CPU
		{450A9C42-8B06-4D83-865D-2C07D1EE99EC}.Release|Any CPU.Build.0 = Release|Any CPU
		{B6FFA344-3727-49C9-A47B-C9F2C780A9C7}.Debug|Any CPU.ActiveCfg = Debug|Any CPU
		{B6FFA344-3727-49C9-A47B-C9F2C780A9C7}.Debug|Any CPU.Build.0 = Debug|Any CPU
		{B6FFA344-3727-49C9-A47B-C9F2C780A9C7}.Release|Any CPU.ActiveCfg = Release|Any CPU
		{B6FFA344-3727-49C9-A47B-C9F2C780A9C7}.Release|Any CPU.Build.0 = Release|Any CPU
		{1AE55E45-B216-4593-A941-385ADA12E675}.Debug|Any CPU.ActiveCfg = Debug|Any CPU
		{1AE55E45-B216-4593-A941-385ADA12E675}.Debug|Any CPU.Build.0 = Debug|Any CPU
		{1AE55E45-B216-4593-A941-385ADA12E675}.Release|Any CPU.ActiveCfg = Release|Any CPU
		{1AE55E45-B216-4593-A941-385ADA12E675}.Release|Any CPU.Build.0 = Release|Any CPU
	EndGlobalSection
	GlobalSection(SolutionProperties) = preSolution
		HideSolutionNode = FALSE
	EndGlobalSection
	GlobalSection(ExtensibilityGlobals) = postSolution
		SolutionGuid = {3D33F8C2-D3AB-4E78-AFF5-DAA4E5A6238B}
	EndGlobalSection
EndGlobal
